
Microsoft Visual Studio Solution File, Format Version 12.00
# Visual Studio Version 17
VisualStudioVersion = 17.10.34928.147
MinimumVisualStudioVersion = 10.0.40219.1
Project("{9A19103F-16F7-4668-BE54-9A1E7A4F7556}") = "ConsoleApp4", "ConsoleApp4\ConsoleApp4.csproj", "{D8B1525B-1B8A-43A4-9975-47EE1163A368}"
EndProject
Project("{FAE04EC0-301F-11D3-BF4B-00C04F79EFBC}") = "UnitTestProject2", "UnitTestProject2\UnitTestProject2.csproj", "{BCFCC1DB-892C-4721-8D5D-34124A2B36D4}"
EndProject
Global
	GlobalSection(SolutionConfigurationPlatforms) = preSolution
		Debug|Any CPU = Debug|Any CPU
		Release|Any CPU = Release|Any CPU
	EndGlobalSection
	GlobalSection(ProjectConfigurationPlatforms) = postSolution
		{D8B1525B-1B8A-43A4-9975-47EE1163A368}.Debug|Any CPU.ActiveCfg = Debug|Any CPU
		{D8B1525B-1B8A-43A4-9975-47EE1163A368}.Debug|Any CPU.Build.0 = Debug|Any CPU
		{D8B1525B-1B8A-43A4-9975-47EE1163A368}.Release|Any CPU.ActiveCfg = Release|Any CPU
		{D8B1525B-1B8A-43A4-9975-47EE1163A368}.Release|Any CPU.Build.0 = Release|Any CPU
		{BCFCC1DB-892C-4721-8D5D-34124A2B36D4}.Debug|Any CPU.ActiveCfg = Debug|Any CPU
		{BCFCC1DB-892C-4721-8D5D-34124A2B36D4}.Debug|Any CPU.Build.0 = Debug|Any CPU
		{BCFCC1DB-892C-4721-8D5D-34124A2B36D4}.Release|Any CPU.ActiveCfg = Release|Any CPU
		{BCFCC1DB-892C-4721-8D5D-34124A2B36D4}.Release|Any CPU.Build.0 = Release|Any CPU
	EndGlobalSection
	GlobalSection(SolutionProperties) = preSolution
		HideSolutionNode = FALSE
	EndGlobalSection
	GlobalSection(ExtensibilityGlobals) = postSolution
		SolutionGuid = {92126AD8-7CEA-4460-B3BC-D7A36150D54B}
	EndGlobalSection
EndGlobal
